// !$*UTF8*$!
{
	archiveVersion = 1;
	classes = {
	};
	objectVersion = 48;
	objects = {

/* Begin PBXBuildFile section */
		6385AF281FE0A435009E8483 /* AppDelegate.swift in Sources */ = {isa = PBXBuildFile; fileRef = 6385AF271FE0A435009E8483 /* AppDelegate.swift */; };
		6385AF2A1FE0A436009E8483 /* ViewController.swift in Sources */ = {isa = PBXBuildFile; fileRef = 6385AF291FE0A436009E8483 /* ViewController.swift */; };
		6385AF2D1FE0A436009E8483 /* Main.storyboard in Resources */ = {isa = PBXBuildFile; fileRef = 6385AF2B1FE0A436009E8483 /* Main.storyboard */; };
		6385AF2F1FE0A436009E8483 /* Assets.xcassets in Resources */ = {isa = PBXBuildFile; fileRef = 6385AF2E1FE0A436009E8483 /* Assets.xcassets */; };
		6385AF321FE0A436009E8483 /* LaunchScreen.storyboard in Resources */ = {isa = PBXBuildFile; fileRef = 6385AF301FE0A436009E8483 /* LaunchScreen.storyboard */; };
/* End PBXBuildFile section */

/* Begin PBXFileReference section */
		6385AF241FE0A435009E8483 /* Foodlog.app */ = {isa = PBXFileReference; explicitFileType = wrapper.application; includeInIndex = 0; path = Foodlog.app; sourceTree = BUILT_PRODUCTS_DIR; };
		6385AF271FE0A435009E8483 /* AppDelegate.swift */ = {isa = PBXFileReference; lastKnownFileType = sourcecode.swift; path = AppDelegate.swift; sourceTree = "<group>"; };
		6385AF291FE0A436009E8483 /* ViewController.swift */ = {isa = PBXFileReference; lastKnownFileType = sourcecode.swift; path = ViewController.swift; sourceTree = "<group>"; };
		6385AF2C1FE0A436009E8483 /* Base */ = {isa = PBXFileReference; lastKnownFileType = file.storyboard; name = Base; path = Base.lproj/Main.storyboard; sourceTree = "<group>"; };
		6385AF2E1FE0A436009E8483 /* Assets.xcassets */ = {isa = PBXFileReference; lastKnownFileType = folder.assetcatalog; path = Assets.xcassets; sourceTree = "<group>"; };
		6385AF311FE0A436009E8483 /* Base */ = {isa = PBXFileReference; lastKnownFileType = file.storyboard; name = Base; path = Base.lproj/LaunchScreen.storyboard; sourceTree = "<group>"; };
		6385AF331FE0A436009E8483 /* Info.plist */ = {isa = PBXFileReference; lastKnownFileType = text.plist.xml; path = Info.plist; sourceTree = "<group>"; };
/* End PBXFileReference section */

/* Begin PBXFrameworksBuildPhase section */
		6385AF211FE0A435009E8483 /* Frameworks */ = {
			isa = PBXFrameworksBuildPhase;
			buildActionMask = 2147483647;
			files = (
			);
			runOnlyForDeploymentPostprocessing = 0;
		};
/* End PBXFrameworksBuildPhase section */

/* Begin PBXGroup section */
		6385AF1B1FE0A435009E8483 = {
			isa = PBXGroup;
			children = (
				6385AF261FE0A435009E8483 /* Foodlog */,
				6385AF251FE0A435009E8483 /* Products */,
			);
			sourceTree = "<group>";
		};
		6385AF251FE0A435009E8483 /* Products */ = {
			isa = PBXGroup;
			children = (
				6385AF241FE0A435009E8483 /* Foodlog.app */,
			);
			name = Products;
			sourceTree = "<group>";
		};
		6385AF261FE0A435009E8483 /* Foodlog */ = {
			isa = PBXGroup;
			children = (
				6385AF271FE0A435009E8483 /* AppDelegate.swift */,
				6385AF291FE0A436009E8483 /* ViewController.swift */,
				6385AF2B1FE0A436009E8483 /* Main.storyboard */,
				6385AF2E1FE0A436009E8483 /* Assets.xcassets */,
				6385AF301FE0A436009E8483 /* LaunchScreen.storyboard */,
				6385AF331FE0A436009E8483 /* Info.plist */,
			);
			path = Foodlog;
			sourceTree = "<group>";
		};
/* End PBXGroup section */

/* Begin PBXNativeTarget section */
		6385AF231FE0A435009E8483 /* Foodlog */ = {
			isa = PBXNativeTarget;
			buildConfigurationList = 6385AF361FE0A436009E8483 /* Build configuration list for PBXNativeTarget "Foodlog" */;
			buildPhases = (
				6385AF201FE0A435009E8483 /* Sources */,
				6385AF211FE0A435009E8483 /* Frameworks */,
				6385AF221FE0A435009E8483 /* Resources */,
			);
			buildRules = (
			);
			dependencies = (
			);
			name = Foodlog;
			productName = Foodlog;
			productReference = 6385AF241FE0A435009E8483 /* Foodlog.app */;
			productType = "com.apple.product-type.application";
		};
/* End PBXNativeTarget section */

/* Begin PBXProject section */
		6385AF1C1FE0A435009E8483 /* Project object */ = {
			isa = PBXProject;
			attributes = {
				LastSwiftUpdateCheck = 0920;
				LastUpgradeCheck = 0920;
				ORGANIZATIONNAME = Gofake1;
				TargetAttributes = {
					6385AF231FE0A435009E8483 = {
						CreatedOnToolsVersion = 9.2;
						ProvisioningStyle = Automatic;
					};
				};
			};
			buildConfigurationList = 6385AF1F1FE0A435009E8483 /* Build configuration list for PBXProject "Foodlog" */;
			compatibilityVersion = "Xcode 8.0";
			developmentRegion = en;
			hasScannedForEncodings = 0;
			knownRegions = (
				en,
				Base,
			);
			mainGroup = 6385AF1B1FE0A435009E8483;
			productRefGroup = 6385AF251FE0A435009E8483 /* Products */;
			projectDirPath = "";
			projectRoot = "";
			targets = (
				6385AF231FE0A435009E8483 /* Foodlog */,
			);
		};
/* End PBXProject section */

/* Begin PBXResourcesBuildPhase section */
		6385AF221FE0A435009E8483 /* Resources */ = {
			isa = PBXResourcesBuildPhase;
			buildActionMask = 2147483647;
			files = (
				6385AF321FE0A436009E8483 /* LaunchScreen.storyboard in Resources */,
				6385AF2F1FE0A436009E8483 /* Assets.xcassets in Resources */,
				6385AF2D1FE0A436009E8483 /* Main.storyboard in Resources */,
			);
			runOnlyForDeploymentPostprocessing = 0;
		};
/* End PBXResourcesBuildPhase section */

/* Begin PBXSourcesBuildPhase section */
		6385AF201FE0A435009E8483 /* Sources */ = {
			isa = PBXSourcesBuildPhase;
			buildActionMask = 2147483647;
			files = (
				6385AF2A1FE0A436009E8483 /* ViewController.swift in Sources */,
				6385AF281FE0A435009E8483 /* AppDelegate.swift in Sources */,
			);
			runOnlyForDeploymentPostprocessing = 0;
		};
/* End PBXSourcesBuildPhase section */

/* Begin PBXVariantGroup section */
		6385AF2B1FE0A436009E8483 /* Main.storyboard */ = {
			isa = PBXVariantGroup;
			children = (
				6385AF2C1FE0A436009E8483 /* Base */,
			);
			name = Main.storyboard;
			sourceTree = "<group>";
		};
		6385AF301FE0A436009E8483 /* LaunchScreen.storyboard */ = {
			isa = PBXVariantGroup;
			children = (
				6385AF311FE0A436009E8483 /* Base */,
			);
			name = LaunchScreen.storyboard;
			sourceTree = "<group>";
		};
/* End PBXVariantGroup section */

/* Begin XCBuildConfiguration section */
		6385AF341FE0A436009E8483 /* Debug */ = {
			isa = XCBuildConfiguration;
			buildSettings = {
				ALWAYS_SEARCH_USER_PATHS = NO;
				CLANG_ANALYZER_NONNULL = YES;
				CLANG_ANALYZER_NUMBER_OBJECT_CONVERSION = YES_AGGRESSIVE;
				CLANG_CXX_LANGUAGE_STANDARD = "gnu++14";
				CLANG_CXX_LIBRARY = "libc++";
				CLANG_ENABLE_MODULES = YES;
				CLANG_ENABLE_OBJC_ARC = YES;
				CLANG_WARN_BLOCK_CAPTURE_AUTORELEASING = YES;
				CLANG_WARN_BOOL_CONVERSION = YES;
				CLANG_WARN_COMMA = YES;
				CLANG_WARN_CONSTANT_CONVERSION = YES;
				CLANG_WARN_DIRECT_OBJC_ISA_USAGE = YES_ERROR;
				CLANG_WARN_DOCUMENTATION_COMMENTS = YES;
				CLANG_WARN_EMPTY_BODY = YES;
				CLANG_WARN_ENUM_CONVERSION = YES;
				CLANG_WARN_INFINITE_RECURSION = YES;
				CLANG_WARN_INT_CONVERSION = YES;
				CLANG_WARN_NON_LITERAL_NULL_CONVERSION = YES;
				CLANG_WARN_OBJC_LITERAL_CONVERSION = YES;
				CLANG_WARN_OBJC_ROOT_CLASS = YES_ERROR;
				CLANG_WARN_RANGE_LOOP_ANALYSIS = YES;
				CLANG_WARN_STRICT_PROTOTYPES = YES;
				CLANG_WARN_SUSPICIOUS_MOVE = YES;
				CLANG_WARN_UNGUARDED_AVAILABILITY = YES_AGGRESSIVE;
				CLANG_WARN_UNREACHABLE_CODE = YES;
				CLANG_WARN__DUPLICATE_METHOD_MATCH = YES;
				CODE_SIGN_IDENTITY = "iPhone Developer";
				COPY_PHASE_STRIP = NO;
				DEBUG_INFORMATION_FORMAT = dwarf;
				ENABLE_STRICT_OBJC_MSGSEND = YES;
				ENABLE_TESTABILITY = YES;
				GCC_C_LANGUAGE_STANDARD = gnu11;
				GCC_DYNAMIC_NO_PIC = NO;
				GCC_NO_COMMON_BLOCKS = YES;
				GCC_OPTIMIZATION_LEVEL = 0;
				GCC_PREPROCESSOR_DEFINITIONS = (
					"DEBUG=1",
					"$(inherited)",
				);
				GCC_WARN_64_TO_32_BIT_CONVERSION = YES;
				GCC_WARN_ABOUT_RETURN_TYPE = YES_ERROR;
				GCC_WARN_UNDECLARED_SELECTOR = YES;
				GCC_WARN_UNINITIALIZED_AUTOS = YES_AGGRESSIVE;
				GCC_WARN_UNUSED_FUNCTION = YES;
				GCC_WARN_UNUSED_VARIABLE = YES;
				IPHONEOS_DEPLOYMENT_TARGET = 11.2;
				MTL_ENABLE_DEBUG_INFO = YES;
				ONLY_ACTIVE_ARCH = YES;
				SDKROOT = iphoneos;
				SWIFT_ACTIVE_COMPILATION_CONDITIONS = DEBUG;
				SWIFT_OPTIMIZATION_LEVEL = "-Onone";
			};
			name = Debug;
		};
		6385AF351FE0A436009E8483 /* Release */ = {
			isa = XCBuildConfiguration;
			buildSettings = {
				ALWAYS_SEARCH_USER_PATHS = NO;
				CLANG_ANALYZER_NONNULL = YES;
				CLANG_ANALYZER_NUMBER_OBJECT_CONVERSION = YES_AGGRESSIVE;
				CLANG_CXX_LANGUAGE_STANDARD = "gnu++14";
				CLANG_CXX_LIBRARY = "libc++";
				CLANG_ENABLE_MODULES = YES;
				CLANG_ENABLE_OBJC_ARC = YES;
				CLANG_WARN_BLOCK_CAPTURE_AUTORELEASING = YES;
				CLANG_WARN_BOOL_CONVERSION = YES;
				CLANG_WARN_COMMA = YES;
				CLANG_WARN_CONSTANT_CONVERSION = YES;
				CLANG_WARN_DIRECT_OBJC_ISA_USAGE = YES_ERROR;
				CLANG_WARN_DOCUMENTATION_COMMENTS = YES;
				CLANG_WARN_EMPTY_BODY = YES;
				CLANG_WARN_ENUM_CONVERSION = YES;
				CLANG_WARN_INFINITE_RECURSION = YES;
				CLANG_WARN_INT_CONVERSION = YES;
				CLANG_WARN_NON_LITERAL_NULL_CONVERSION = YES;
				CLANG_WARN_OBJC_LITERAL_CONVERSION = YES;
				CLANG_WARN_OBJC_ROOT_CLASS = YES_ERROR;
				CLANG_WARN_RANGE_LOOP_ANALYSIS = YES;
				CLANG_WARN_STRICT_PROTOTYPES = YES;
				CLANG_WARN_SUSPICIOUS_MOVE = YES;
				CLANG_WARN_UNGUARDED_AVAILABILITY = YES_AGGRESSIVE;
				CLANG_WARN_UNREACHABLE_CODE = YES;
				CLANG_WARN__DUPLICATE_METHOD_MATCH = YES;
				CODE_SIGN_IDENTITY = "iPhone Developer";
				COPY_PHASE_STRIP = NO;
				DEBUG_INFORMATION_FORMAT = "dwarf-with-dsym";
				ENABLE_NS_ASSERTIONS = NO;
				ENABLE_STRICT_OBJC_MSGSEND = YES;
				GCC_C_LANGUAGE_STANDARD = gnu11;
				GCC_NO_COMMON_BLOCKS = YES;
				GCC_WARN_64_TO_32_BIT_CONVERSION = YES;
				GCC_WARN_ABOUT_RETURN_TYPE = YES_ERROR;
				GCC_WARN_UNDECLARED_SELECTOR = YES;
				GCC_WARN_UNINITIALIZED_AUTOS = YES_AGGRESSIVE;
				GCC_WARN_UNUSED_FUNCTION = YES;
				GCC_WARN_UNUSED_VARIABLE = YES;
				IPHONEOS_DEPLOYMENT_TARGET = 11.2;
				MTL_ENABLE_DEBUG_INFO = NO;
				SDKROOT = iphoneos;
				SWIFT_OPTIMIZATION_LEVEL = "-Owholemodule";
				VALIDATE_PRODUCT = YES;
			};
			name = Release;
		};
		6385AF371FE0A436009E8483 /* Debug */ = {
			isa = XCBuildConfiguration;
			buildSettings = {
				ASSETCATALOG_COMPILER_APPICON_NAME = AppIcon;
				CODE_SIGN_STYLE = Automatic;
				DEVELOPMENT_TEAM = W6KLMFETUQ;
				INFOPLIST_FILE = Foodlog/Info.plist;
				LD_RUNPATH_SEARCH_PATHS = "$(inherited) @executable_path/Frameworks";
				PRODUCT_BUNDLE_IDENTIFIER = net.gofake1.Foodlog;
				PRODUCT_NAME = "$(TARGET_NAME)";
				SWIFT_VERSION = 4.0;
				TARGETED_DEVICE_FAMILY = "1,2";
			};
			name = Debug;
		};
		6385AF381FE0A436009E8483 /* Release */ = {
			isa = XCBuildConfiguration;
			buildSettings = {
				ASSETCATALOG_COMPILER_APPICON_NAME = AppIcon;
				CODE_SIGN_STYLE = Automatic;
				DEVELOPMENT_TEAM = W6KLMFETUQ;
				INFOPLIST_FILE = Foodlog/Info.plist;
				LD_RUNPATH_SEARCH_PATHS = "$(inherited) @executable_path/Frameworks";
				PRODUCT_BUNDLE_IDENTIFIER = net.gofake1.Foodlog;
				PRODUCT_NAME = "$(TARGET_NAME)";
				SWIFT_VERSION = 4.0;
				TARGETED_DEVICE_FAMILY = "1,2";
			};
			name = Release;
		};
/* End XCBuildConfiguration section */

/* Begin XCConfigurationList section */
		6385AF1F1FE0A435009E8483 /* Build configuration list for PBXProject "Foodlog" */ = {
			isa = XCConfigurationList;
			buildConfigurations = (
				6385AF341FE0A436009E8483 /* Debug */,
				6385AF351FE0A436009E8483 /* Release */,
			);
			defaultConfigurationIsVisible = 0;
			defaultConfigurationName = Release;
		};
		6385AF361FE0A436009E8483 /* Build configuration list for PBXNativeTarget "Foodlog" */ = {
			isa = XCConfigurationList;
			buildConfigurations = (
				6385AF371FE0A436009E8483 /* Debug */,
				6385AF381FE0A436009E8483 /* Release */,
			);
			defaultConfigurationIsVisible = 0;
			defaultConfigurationName = Release;
		};
/* End XCConfigurationList section */
	};
	rootObject = 6385AF1C1FE0A435009E8483 /* Project object */;
}
