// !$*UTF8*$!
{
	archiveVersion = 1;
	classes = {
	};
	objectVersion = 48;
	objects = {

/* Begin PBXBuildFile section */
		6314B4DD1FF45A9100C08058 /* CloudKit.framework in Frameworks */ = {isa = PBXBuildFile; fileRef = 6314B4DC1FF45A9100C08058 /* CloudKit.framework */; };
		633E0C001FF87A4500290B61 /* AddFoodViewController.swift in Sources */ = {isa = PBXBuildFile; fileRef = 633E0BFF1FF87A4500290B61 /* AddFoodViewController.swift */; };
		635972381FF479A500D5CC97 /* AddOrSearchViewController.swift in Sources */ = {isa = PBXBuildFile; fileRef = 635972371FF479A500D5CC97 /* AddOrSearchViewController.swift */; };
		636E139D2000E19B005C8AD8 /* PulleyDrawerViewController.swift in Sources */ = {isa = PBXBuildFile; fileRef = 636E139C2000E19B005C8AD8 /* PulleyDrawerViewController.swift */; };
		637A344B1FF467AF00EA48BD /* PulleyViewController.swift in Sources */ = {isa = PBXBuildFile; fileRef = 637A342F1FF467AF00EA48BD /* PulleyViewController.swift */; };
		637A344C1FF467AF00EA48BD /* PulleyPassthroughScrollView.swift in Sources */ = {isa = PBXBuildFile; fileRef = 637A34301FF467AF00EA48BD /* PulleyPassthroughScrollView.swift */; };
		637A344D1FF467AF00EA48BD /* UIView+constrainToParent.swift in Sources */ = {isa = PBXBuildFile; fileRef = 637A34311FF467AF00EA48BD /* UIView+constrainToParent.swift */; };
		6385AF281FE0A435009E8483 /* AppDelegate.swift in Sources */ = {isa = PBXBuildFile; fileRef = 6385AF271FE0A435009E8483 /* AppDelegate.swift */; };
		6385AF2A1FE0A436009E8483 /* LogViewController.swift in Sources */ = {isa = PBXBuildFile; fileRef = 6385AF291FE0A436009E8483 /* LogViewController.swift */; };
		6385AF2F1FE0A436009E8483 /* Assets.xcassets in Resources */ = {isa = PBXBuildFile; fileRef = 6385AF2E1FE0A436009E8483 /* Assets.xcassets */; };
		63AACA9C1FF329C600FE805F /* Realm.framework in Frameworks */ = {isa = PBXBuildFile; fileRef = 63D970A11FE4B1E200AA0168 /* Realm.framework */; };
		63AACA9D1FF329C600FE805F /* Realm.framework in Embed Frameworks */ = {isa = PBXBuildFile; fileRef = 63D970A11FE4B1E200AA0168 /* Realm.framework */; settings = {ATTRIBUTES = (CodeSignOnCopy, RemoveHeadersOnCopy, ); }; };
		63AB78D61FE77268009F9383 /* HealthKit.framework in Frameworks */ = {isa = PBXBuildFile; fileRef = 63AB78D51FE77268009F9383 /* HealthKit.framework */; };
		63B697051FF73BAE0023E76A /* ExpandableProcessor.swift in Sources */ = {isa = PBXBuildFile; fileRef = 63B696DE1FF73BAE0023E76A /* ExpandableProcessor.swift */; };
		63B697061FF73BAE0023E76A /* ExpandableCell.swift in Sources */ = {isa = PBXBuildFile; fileRef = 63B696E01FF73BAE0023E76A /* ExpandableCell.swift */; };
		63B697071FF73BAE0023E76A /* ExpandableDelegate.swift in Sources */ = {isa = PBXBuildFile; fileRef = 63B696E11FF73BAE0023E76A /* ExpandableDelegate.swift */; };
		63B697081FF73BAE0023E76A /* ExpandableStyle.swift in Sources */ = {isa = PBXBuildFile; fileRef = 63B696E21FF73BAE0023E76A /* ExpandableStyle.swift */; };
		63B697091FF73BAE0023E76A /* ExpandableTableView.swift in Sources */ = {isa = PBXBuildFile; fileRef = 63B696E31FF73BAE0023E76A /* ExpandableTableView.swift */; };
		63B697191FF73D010023E76A /* Main.storyboard in Resources */ = {isa = PBXBuildFile; fileRef = 6385AF2B1FE0A436009E8483 /* Main.storyboard */; };
		63B6971A1FF73D060023E76A /* LaunchScreen.storyboard in Resources */ = {isa = PBXBuildFile; fileRef = 6385AF301FE0A436009E8483 /* LaunchScreen.storyboard */; };
		63D9709C1FE4961700AA0168 /* Models.swift in Sources */ = {isa = PBXBuildFile; fileRef = 63D9709B1FE4961700AA0168 /* Models.swift */; };
		63EF95451FF33F9E00076825 /* RealmSwift.framework in Frameworks */ = {isa = PBXBuildFile; fileRef = 63D970A31FE4B1F400AA0168 /* RealmSwift.framework */; };
		63EF95461FF33F9E00076825 /* RealmSwift.framework in Embed Frameworks */ = {isa = PBXBuildFile; fileRef = 63D970A31FE4B1F400AA0168 /* RealmSwift.framework */; settings = {ATTRIBUTES = (CodeSignOnCopy, RemoveHeadersOnCopy, ); }; };
/* End PBXBuildFile section */

/* Begin PBXContainerItemProxy section */
		637A34471FF467AF00EA48BD /* PBXContainerItemProxy */ = {
			isa = PBXContainerItemProxy;
			containerPortal = 637A34321FF467AF00EA48BD /* Pulley.xcodeproj */;
			proxyType = 2;
			remoteGlobalIDString = 355DBF131E40EA4300671CDD;
			remoteInfo = Pulley;
		};
		637A34491FF467AF00EA48BD /* PBXContainerItemProxy */ = {
			isa = PBXContainerItemProxy;
			containerPortal = 637A34321FF467AF00EA48BD /* Pulley.xcodeproj */;
			proxyType = 2;
			remoteGlobalIDString = C6DF73CF1D2DE2B500735EBC;
			remoteInfo = PulleyDemo;
		};
		63B696FB1FF73BAE0023E76A /* PBXContainerItemProxy */ = {
			isa = PBXContainerItemProxy;
			containerPortal = 63B696E81FF73BAE0023E76A /* ExpandableCell.xcodeproj */;
			proxyType = 2;
			remoteGlobalIDString = 19EF94E91F3757AC00085BCA;
			remoteInfo = ExpandableCell;
		};
		63B696FD1FF73BAE0023E76A /* PBXContainerItemProxy */ = {
			isa = PBXContainerItemProxy;
			containerPortal = 63B696E81FF73BAE0023E76A /* ExpandableCell.xcodeproj */;
			proxyType = 2;
			remoteGlobalIDString = 19EF94F81F37580B00085BCA;
			remoteInfo = ExpandableCellDemo;
		};
/* End PBXContainerItemProxy section */

/* Begin PBXCopyFilesBuildPhase section */
		63AACA9E1FF329C700FE805F /* Embed Frameworks */ = {
			isa = PBXCopyFilesBuildPhase;
			buildActionMask = 2147483647;
			dstPath = "";
			dstSubfolderSpec = 10;
			files = (
				63EF95461FF33F9E00076825 /* RealmSwift.framework in Embed Frameworks */,
				63AACA9D1FF329C600FE805F /* Realm.framework in Embed Frameworks */,
			);
			name = "Embed Frameworks";
			runOnlyForDeploymentPostprocessing = 0;
		};
/* End PBXCopyFilesBuildPhase section */

/* Begin PBXFileReference section */
		6314B4DC1FF45A9100C08058 /* CloudKit.framework */ = {isa = PBXFileReference; lastKnownFileType = wrapper.framework; name = CloudKit.framework; path = System/Library/Frameworks/CloudKit.framework; sourceTree = SDKROOT; };
		633E0BFF1FF87A4500290B61 /* AddFoodViewController.swift */ = {isa = PBXFileReference; lastKnownFileType = sourcecode.swift; path = AddFoodViewController.swift; sourceTree = "<group>"; };
		633E0C051FF8923700290B61 /* README.md */ = {isa = PBXFileReference; lastKnownFileType = net.daringfireball.markdown; path = README.md; sourceTree = "<group>"; };
		635972371FF479A500D5CC97 /* AddOrSearchViewController.swift */ = {isa = PBXFileReference; lastKnownFileType = sourcecode.swift; path = AddOrSearchViewController.swift; sourceTree = "<group>"; };
		636E139C2000E19B005C8AD8 /* PulleyDrawerViewController.swift */ = {isa = PBXFileReference; lastKnownFileType = sourcecode.swift; path = PulleyDrawerViewController.swift; sourceTree = "<group>"; };
		637A342F1FF467AF00EA48BD /* PulleyViewController.swift */ = {isa = PBXFileReference; fileEncoding = 4; lastKnownFileType = sourcecode.swift; path = PulleyViewController.swift; sourceTree = "<group>"; };
		637A34301FF467AF00EA48BD /* PulleyPassthroughScrollView.swift */ = {isa = PBXFileReference; fileEncoding = 4; lastKnownFileType = sourcecode.swift; path = PulleyPassthroughScrollView.swift; sourceTree = "<group>"; };
		637A34311FF467AF00EA48BD /* UIView+constrainToParent.swift */ = {isa = PBXFileReference; fileEncoding = 4; lastKnownFileType = sourcecode.swift; path = "UIView+constrainToParent.swift"; sourceTree = "<group>"; };
		637A34321FF467AF00EA48BD /* Pulley.xcodeproj */ = {isa = PBXFileReference; lastKnownFileType = "wrapper.pb-project"; path = Pulley.xcodeproj; sourceTree = "<group>"; };
		637A34351FF467AF00EA48BD /* .swift-version */ = {isa = PBXFileReference; fileEncoding = 4; lastKnownFileType = text; path = ".swift-version"; sourceTree = "<group>"; };
		637A34361FF467AF00EA48BD /* LICENSE */ = {isa = PBXFileReference; fileEncoding = 4; lastKnownFileType = text; path = LICENSE; sourceTree = "<group>"; };
		637A34381FF467AF00EA48BD /* DrawerContentViewController.swift */ = {isa = PBXFileReference; fileEncoding = 4; lastKnownFileType = sourcecode.swift; path = DrawerContentViewController.swift; sourceTree = "<group>"; };
		637A34391FF467AF00EA48BD /* Assets.xcassets */ = {isa = PBXFileReference; lastKnownFileType = folder.assetcatalog; path = Assets.xcassets; sourceTree = "<group>"; };
		637A343B1FF467AF00EA48BD /* Base */ = {isa = PBXFileReference; lastKnownFileType = file.storyboard; name = Base; path = Base.lproj/LaunchScreen.storyboard; sourceTree = "<group>"; };
		637A343C1FF467AF00EA48BD /* Main.storyboard */ = {isa = PBXFileReference; fileEncoding = 4; lastKnownFileType = file.storyboard; path = Main.storyboard; sourceTree = "<group>"; };
		637A343D1FF467AF00EA48BD /* Pulley.h */ = {isa = PBXFileReference; fileEncoding = 4; lastKnownFileType = sourcecode.c.h; path = Pulley.h; sourceTree = "<group>"; };
		637A343E1FF467AF00EA48BD /* AppDelegate.swift */ = {isa = PBXFileReference; fileEncoding = 4; lastKnownFileType = sourcecode.swift; path = AppDelegate.swift; sourceTree = "<group>"; };
		637A343F1FF467AF00EA48BD /* PrimaryContentViewController.swift */ = {isa = PBXFileReference; fileEncoding = 4; lastKnownFileType = sourcecode.swift; path = PrimaryContentViewController.swift; sourceTree = "<group>"; };
		637A34401FF467AF00EA48BD /* Info.plist */ = {isa = PBXFileReference; fileEncoding = 4; lastKnownFileType = text.plist.xml; path = Info.plist; sourceTree = "<group>"; };
		637A34411FF467AF00EA48BD /* PrimaryTransitionTargetViewController.swift */ = {isa = PBXFileReference; fileEncoding = 4; lastKnownFileType = sourcecode.swift; path = PrimaryTransitionTargetViewController.swift; sourceTree = "<group>"; };
		637A34421FF467AF00EA48BD /* README.md */ = {isa = PBXFileReference; fileEncoding = 4; lastKnownFileType = net.daringfireball.markdown; path = README.md; sourceTree = "<group>"; };
		637A34431FF467AF00EA48BD /* Pulley.podspec */ = {isa = PBXFileReference; fileEncoding = 4; lastKnownFileType = text; path = Pulley.podspec; sourceTree = "<group>"; };
		637A34441FF467AF00EA48BD /* .gitignore */ = {isa = PBXFileReference; fileEncoding = 4; lastKnownFileType = text; path = .gitignore; sourceTree = "<group>"; };
		6385AF241FE0A435009E8483 /* Foodlog.app */ = {isa = PBXFileReference; explicitFileType = wrapper.application; includeInIndex = 0; path = Foodlog.app; sourceTree = BUILT_PRODUCTS_DIR; };
		6385AF271FE0A435009E8483 /* AppDelegate.swift */ = {isa = PBXFileReference; lastKnownFileType = sourcecode.swift; path = AppDelegate.swift; sourceTree = "<group>"; };
		6385AF291FE0A436009E8483 /* LogViewController.swift */ = {isa = PBXFileReference; lastKnownFileType = sourcecode.swift; path = LogViewController.swift; sourceTree = "<group>"; };
		6385AF2C1FE0A436009E8483 /* Base */ = {isa = PBXFileReference; lastKnownFileType = file.storyboard; name = Base; path = Base.lproj/Main.storyboard; sourceTree = "<group>"; };
		6385AF2E1FE0A436009E8483 /* Assets.xcassets */ = {isa = PBXFileReference; lastKnownFileType = folder.assetcatalog; path = Assets.xcassets; sourceTree = "<group>"; };
		6385AF311FE0A436009E8483 /* Base */ = {isa = PBXFileReference; lastKnownFileType = file.storyboard; name = Base; path = Base.lproj/LaunchScreen.storyboard; sourceTree = "<group>"; };
		6385AF331FE0A436009E8483 /* Info.plist */ = {isa = PBXFileReference; lastKnownFileType = text.plist.xml; path = Info.plist; sourceTree = "<group>"; };
		63AB78D41FE77267009F9383 /* Foodlog.entitlements */ = {isa = PBXFileReference; lastKnownFileType = text.plist.entitlements; path = Foodlog.entitlements; sourceTree = "<group>"; };
		63AB78D51FE77268009F9383 /* HealthKit.framework */ = {isa = PBXFileReference; lastKnownFileType = wrapper.framework; name = HealthKit.framework; path = System/Library/Frameworks/HealthKit.framework; sourceTree = SDKROOT; };
		63B696D81FF73BAE0023E76A /* .swift-version */ = {isa = PBXFileReference; fileEncoding = 4; lastKnownFileType = text; path = ".swift-version"; sourceTree = "<group>"; };
		63B696D91FF73BAE0023E76A /* LICENSE */ = {isa = PBXFileReference; fileEncoding = 4; lastKnownFileType = text; path = LICENSE; sourceTree = "<group>"; };
		63B696DA1FF73BAE0023E76A /* ExpandableCell.podspec */ = {isa = PBXFileReference; fileEncoding = 4; lastKnownFileType = text; path = ExpandableCell.podspec; sourceTree = "<group>"; };
		63B696DC1FF73BAE0023E76A /* ExpandableCell.gif */ = {isa = PBXFileReference; lastKnownFileType = image.gif; path = ExpandableCell.gif; sourceTree = "<group>"; };
		63B696DE1FF73BAE0023E76A /* ExpandableProcessor.swift */ = {isa = PBXFileReference; fileEncoding = 4; lastKnownFileType = sourcecode.swift; path = ExpandableProcessor.swift; sourceTree = "<group>"; };
		63B696DF1FF73BAE0023E76A /* ExpandableCell.h */ = {isa = PBXFileReference; fileEncoding = 4; lastKnownFileType = sourcecode.c.h; path = ExpandableCell.h; sourceTree = "<group>"; };
		63B696E01FF73BAE0023E76A /* ExpandableCell.swift */ = {isa = PBXFileReference; fileEncoding = 4; lastKnownFileType = sourcecode.swift; path = ExpandableCell.swift; sourceTree = "<group>"; };
		63B696E11FF73BAE0023E76A /* ExpandableDelegate.swift */ = {isa = PBXFileReference; fileEncoding = 4; lastKnownFileType = sourcecode.swift; path = ExpandableDelegate.swift; sourceTree = "<group>"; };
		63B696E21FF73BAE0023E76A /* ExpandableStyle.swift */ = {isa = PBXFileReference; fileEncoding = 4; lastKnownFileType = sourcecode.swift; path = ExpandableStyle.swift; sourceTree = "<group>"; };
		63B696E31FF73BAE0023E76A /* ExpandableTableView.swift */ = {isa = PBXFileReference; fileEncoding = 4; lastKnownFileType = sourcecode.swift; path = ExpandableTableView.swift; sourceTree = "<group>"; };
		63B696E41FF73BAE0023E76A /* Info.plist */ = {isa = PBXFileReference; fileEncoding = 4; lastKnownFileType = text.plist.xml; path = Info.plist; sourceTree = "<group>"; };
		63B696E51FF73BAE0023E76A /* ExpandableCell.xcassets */ = {isa = PBXFileReference; lastKnownFileType = folder.assetcatalog; path = ExpandableCell.xcassets; sourceTree = "<group>"; };
		63B696E61FF73BAE0023E76A /* README.md */ = {isa = PBXFileReference; fileEncoding = 4; lastKnownFileType = net.daringfireball.markdown; path = README.md; sourceTree = "<group>"; };
		63B696E71FF73BAE0023E76A /* .gitignore */ = {isa = PBXFileReference; fileEncoding = 4; lastKnownFileType = text; path = .gitignore; sourceTree = "<group>"; };
		63B696E81FF73BAE0023E76A /* ExpandableCell.xcodeproj */ = {isa = PBXFileReference; lastKnownFileType = "wrapper.pb-project"; path = ExpandableCell.xcodeproj; sourceTree = "<group>"; };
		63B696EB1FF73BAE0023E76A /* Package.swift */ = {isa = PBXFileReference; fileEncoding = 4; lastKnownFileType = sourcecode.swift; path = Package.swift; sourceTree = "<group>"; };
		63B696ED1FF73BAE0023E76A /* ViewController.swift */ = {isa = PBXFileReference; fileEncoding = 4; lastKnownFileType = sourcecode.swift; path = ViewController.swift; sourceTree = "<group>"; };
		63B696EE1FF73BAE0023E76A /* ExpandableCells.swift */ = {isa = PBXFileReference; fileEncoding = 4; lastKnownFileType = sourcecode.swift; path = ExpandableCells.swift; sourceTree = "<group>"; };
		63B696EF1FF73BAE0023E76A /* NormalCell.xib */ = {isa = PBXFileReference; fileEncoding = 4; lastKnownFileType = file.xib; path = NormalCell.xib; sourceTree = "<group>"; };
		63B696F01FF73BAE0023E76A /* Assets.xcassets */ = {isa = PBXFileReference; lastKnownFileType = folder.assetcatalog; path = Assets.xcassets; sourceTree = "<group>"; };
		63B696F11FF73BAE0023E76A /* ExpandedCell.xib */ = {isa = PBXFileReference; fileEncoding = 4; lastKnownFileType = file.xib; path = ExpandedCell.xib; sourceTree = "<group>"; };
		63B696F31FF73BAE0023E76A /* Base */ = {isa = PBXFileReference; lastKnownFileType = file.xib; name = Base; path = Base.lproj/LaunchScreen.xib; sourceTree = "<group>"; };
		63B696F51FF73BAE0023E76A /* Base */ = {isa = PBXFileReference; lastKnownFileType = file.storyboard; name = Base; path = Base.lproj/Main.storyboard; sourceTree = "<group>"; };
		63B696F61FF73BAE0023E76A /* AppDelegate.swift */ = {isa = PBXFileReference; fileEncoding = 4; lastKnownFileType = sourcecode.swift; path = AppDelegate.swift; sourceTree = "<group>"; };
		63B696F71FF73BAE0023E76A /* ExpandableCell.xib */ = {isa = PBXFileReference; fileEncoding = 4; lastKnownFileType = file.xib; path = ExpandableCell.xib; sourceTree = "<group>"; };
		63B696F81FF73BAE0023E76A /* Info.plist */ = {isa = PBXFileReference; fileEncoding = 4; lastKnownFileType = text.plist.xml; path = Info.plist; sourceTree = "<group>"; };
		63D9709B1FE4961700AA0168 /* Models.swift */ = {isa = PBXFileReference; lastKnownFileType = sourcecode.swift; path = Models.swift; sourceTree = "<group>"; };
		63D9709F1FE4981500AA0168 /* Cartfile */ = {isa = PBXFileReference; lastKnownFileType = text; path = Cartfile; sourceTree = "<group>"; };
		63D970A11FE4B1E200AA0168 /* Realm.framework */ = {isa = PBXFileReference; lastKnownFileType = wrapper.framework; name = Realm.framework; path = Carthage/Build/iOS/Realm.framework; sourceTree = "<group>"; };
		63D970A31FE4B1F400AA0168 /* RealmSwift.framework */ = {isa = PBXFileReference; lastKnownFileType = wrapper.framework; name = RealmSwift.framework; path = Carthage/Build/iOS/RealmSwift.framework; sourceTree = "<group>"; };
/* End PBXFileReference section */

/* Begin PBXFrameworksBuildPhase section */
		6385AF211FE0A435009E8483 /* Frameworks */ = {
			isa = PBXFrameworksBuildPhase;
			buildActionMask = 2147483647;
			files = (
				6314B4DD1FF45A9100C08058 /* CloudKit.framework in Frameworks */,
				63AB78D61FE77268009F9383 /* HealthKit.framework in Frameworks */,
				63AACA9C1FF329C600FE805F /* Realm.framework in Frameworks */,
				63EF95451FF33F9E00076825 /* RealmSwift.framework in Frameworks */,
			);
			runOnlyForDeploymentPostprocessing = 0;
		};
/* End PBXFrameworksBuildPhase section */

/* Begin PBXGroup section */
		637A342C1FF467AF00EA48BD /* Submodules */ = {
			isa = PBXGroup;
			children = (
				63B696D71FF73BAE0023E76A /* ExpandableCell */,
				637A342D1FF467AF00EA48BD /* Pulley */,
			);
			path = Submodules;
			sourceTree = "<group>";
		};
		637A342D1FF467AF00EA48BD /* Pulley */ = {
			isa = PBXGroup;
			children = (
				637A342E1FF467AF00EA48BD /* PulleyLib */,
				637A34321FF467AF00EA48BD /* Pulley.xcodeproj */,
				637A34351FF467AF00EA48BD /* .swift-version */,
				637A34361FF467AF00EA48BD /* LICENSE */,
				637A34371FF467AF00EA48BD /* Pulley */,
				637A34421FF467AF00EA48BD /* README.md */,
				637A34431FF467AF00EA48BD /* Pulley.podspec */,
				637A34441FF467AF00EA48BD /* .gitignore */,
			);
			path = Pulley;
			sourceTree = "<group>";
		};
		637A342E1FF467AF00EA48BD /* PulleyLib */ = {
			isa = PBXGroup;
			children = (
				637A342F1FF467AF00EA48BD /* PulleyViewController.swift */,
				637A34301FF467AF00EA48BD /* PulleyPassthroughScrollView.swift */,
				637A34311FF467AF00EA48BD /* UIView+constrainToParent.swift */,
			);
			path = PulleyLib;
			sourceTree = "<group>";
		};
		637A34331FF467AF00EA48BD /* Products */ = {
			isa = PBXGroup;
			children = (
				637A34481FF467AF00EA48BD /* Pulley.framework */,
				637A344A1FF467AF00EA48BD /* PulleyDemo.app */,
			);
			name = Products;
			sourceTree = "<group>";
		};
		637A34371FF467AF00EA48BD /* Pulley */ = {
			isa = PBXGroup;
			children = (
				637A34381FF467AF00EA48BD /* DrawerContentViewController.swift */,
				637A34391FF467AF00EA48BD /* Assets.xcassets */,
				637A343A1FF467AF00EA48BD /* LaunchScreen.storyboard */,
				637A343C1FF467AF00EA48BD /* Main.storyboard */,
				637A343D1FF467AF00EA48BD /* Pulley.h */,
				637A343E1FF467AF00EA48BD /* AppDelegate.swift */,
				637A343F1FF467AF00EA48BD /* PrimaryContentViewController.swift */,
				637A34401FF467AF00EA48BD /* Info.plist */,
				637A34411FF467AF00EA48BD /* PrimaryTransitionTargetViewController.swift */,
			);
			path = Pulley;
			sourceTree = "<group>";
		};
		6385AF1B1FE0A435009E8483 = {
			isa = PBXGroup;
			children = (
				633E0C051FF8923700290B61 /* README.md */,
				63D9709F1FE4981500AA0168 /* Cartfile */,
				6385AF261FE0A435009E8483 /* Foodlog */,
				637A342C1FF467AF00EA48BD /* Submodules */,
				63D970A01FE4B1E200AA0168 /* Frameworks */,
				6385AF251FE0A435009E8483 /* Products */,
			);
			sourceTree = "<group>";
		};
		6385AF251FE0A435009E8483 /* Products */ = {
			isa = PBXGroup;
			children = (
				6385AF241FE0A435009E8483 /* Foodlog.app */,
			);
			name = Products;
			sourceTree = "<group>";
		};
		6385AF261FE0A435009E8483 /* Foodlog */ = {
			isa = PBXGroup;
			children = (
				633E0BFF1FF87A4500290B61 /* AddFoodViewController.swift */,
				635972371FF479A500D5CC97 /* AddOrSearchViewController.swift */,
				6385AF271FE0A435009E8483 /* AppDelegate.swift */,
				6385AF291FE0A436009E8483 /* LogViewController.swift */,
				63D9709B1FE4961700AA0168 /* Models.swift */,
				636E139C2000E19B005C8AD8 /* PulleyDrawerViewController.swift */,
				6385AF2B1FE0A436009E8483 /* Main.storyboard */,
				6385AF301FE0A436009E8483 /* LaunchScreen.storyboard */,
				6385AF2E1FE0A436009E8483 /* Assets.xcassets */,
				63AB78D41FE77267009F9383 /* Foodlog.entitlements */,
				6385AF331FE0A436009E8483 /* Info.plist */,
			);
			path = Foodlog;
			sourceTree = "<group>";
		};
		63B696D71FF73BAE0023E76A /* ExpandableCell */ = {
			isa = PBXGroup;
			children = (
				63B696D81FF73BAE0023E76A /* .swift-version */,
				63B696D91FF73BAE0023E76A /* LICENSE */,
				63B696DA1FF73BAE0023E76A /* ExpandableCell.podspec */,
				63B696DB1FF73BAE0023E76A /* Images */,
				63B696DD1FF73BAE0023E76A /* ExpandableCell */,
				63B696E61FF73BAE0023E76A /* README.md */,
				63B696E71FF73BAE0023E76A /* .gitignore */,
				63B696E81FF73BAE0023E76A /* ExpandableCell.xcodeproj */,
				63B696EB1FF73BAE0023E76A /* Package.swift */,
				63B696EC1FF73BAE0023E76A /* ExpandableCellDemo */,
			);
			path = ExpandableCell;
			sourceTree = "<group>";
		};
		63B696DB1FF73BAE0023E76A /* Images */ = {
			isa = PBXGroup;
			children = (
				63B696DC1FF73BAE0023E76A /* ExpandableCell.gif */,
			);
			path = Images;
			sourceTree = "<group>";
		};
		63B696DD1FF73BAE0023E76A /* ExpandableCell */ = {
			isa = PBXGroup;
			children = (
				63B696DE1FF73BAE0023E76A /* ExpandableProcessor.swift */,
				63B696DF1FF73BAE0023E76A /* ExpandableCell.h */,
				63B696E01FF73BAE0023E76A /* ExpandableCell.swift */,
				63B696E11FF73BAE0023E76A /* ExpandableDelegate.swift */,
				63B696E21FF73BAE0023E76A /* ExpandableStyle.swift */,
				63B696E31FF73BAE0023E76A /* ExpandableTableView.swift */,
				63B696E41FF73BAE0023E76A /* Info.plist */,
				63B696E51FF73BAE0023E76A /* ExpandableCell.xcassets */,
			);
			path = ExpandableCell;
			sourceTree = "<group>";
		};
		63B696E91FF73BAE0023E76A /* Products */ = {
			isa = PBXGroup;
			children = (
				63B696FC1FF73BAE0023E76A /* ExpandableCell.framework */,
				63B696FE1FF73BAE0023E76A /* ExpandableCellDemo.app */,
			);
			name = Products;
			sourceTree = "<group>";
		};
		63B696EC1FF73BAE0023E76A /* ExpandableCellDemo */ = {
			isa = PBXGroup;
			children = (
				63B696ED1FF73BAE0023E76A /* ViewController.swift */,
				63B696EE1FF73BAE0023E76A /* ExpandableCells.swift */,
				63B696EF1FF73BAE0023E76A /* NormalCell.xib */,
				63B696F01FF73BAE0023E76A /* Assets.xcassets */,
				63B696F11FF73BAE0023E76A /* ExpandedCell.xib */,
				63B696F21FF73BAE0023E76A /* LaunchScreen.xib */,
				63B696F41FF73BAE0023E76A /* Main.storyboard */,
				63B696F61FF73BAE0023E76A /* AppDelegate.swift */,
				63B696F71FF73BAE0023E76A /* ExpandableCell.xib */,
				63B696F81FF73BAE0023E76A /* Info.plist */,
			);
			path = ExpandableCellDemo;
			sourceTree = "<group>";
		};
		63D970A01FE4B1E200AA0168 /* Frameworks */ = {
			isa = PBXGroup;
			children = (
				6314B4DC1FF45A9100C08058 /* CloudKit.framework */,
				63AB78D51FE77268009F9383 /* HealthKit.framework */,
				63D970A11FE4B1E200AA0168 /* Realm.framework */,
				63D970A31FE4B1F400AA0168 /* RealmSwift.framework */,
			);
			name = Frameworks;
			sourceTree = "<group>";
		};
/* End PBXGroup section */

/* Begin PBXNativeTarget section */
		6385AF231FE0A435009E8483 /* Foodlog */ = {
			isa = PBXNativeTarget;
			buildConfigurationList = 6385AF361FE0A436009E8483 /* Build configuration list for PBXNativeTarget "Foodlog" */;
			buildPhases = (
				6385AF201FE0A435009E8483 /* Sources */,
				6385AF211FE0A435009E8483 /* Frameworks */,
				6385AF221FE0A435009E8483 /* Resources */,
				63AACA9E1FF329C700FE805F /* Embed Frameworks */,
			);
			buildRules = (
			);
			dependencies = (
			);
			name = Foodlog;
			productName = Foodlog;
			productReference = 6385AF241FE0A435009E8483 /* Foodlog.app */;
			productType = "com.apple.product-type.application";
		};
/* End PBXNativeTarget section */

/* Begin PBXProject section */
		6385AF1C1FE0A435009E8483 /* Project object */ = {
			isa = PBXProject;
			attributes = {
				LastSwiftUpdateCheck = 0920;
				LastUpgradeCheck = 0920;
				ORGANIZATIONNAME = Gofake1;
				TargetAttributes = {
					6385AF231FE0A435009E8483 = {
						CreatedOnToolsVersion = 9.2;
						ProvisioningStyle = Automatic;
						SystemCapabilities = {
							com.apple.HealthKit = {
								enabled = 1;
							};
							com.apple.Push = {
								enabled = 1;
							};
							com.apple.iCloud = {
								enabled = 1;
							};
						};
					};
				};
			};
			buildConfigurationList = 6385AF1F1FE0A435009E8483 /* Build configuration list for PBXProject "Foodlog" */;
			compatibilityVersion = "Xcode 8.0";
			developmentRegion = en;
			hasScannedForEncodings = 0;
			knownRegions = (
				en,
				Base,
			);
			mainGroup = 6385AF1B1FE0A435009E8483;
			productRefGroup = 6385AF251FE0A435009E8483 /* Products */;
			projectDirPath = "";
			projectReferences = (
				{
					ProductGroup = 63B696E91FF73BAE0023E76A /* Products */;
					ProjectRef = 63B696E81FF73BAE0023E76A /* ExpandableCell.xcodeproj */;
				},
				{
					ProductGroup = 637A34331FF467AF00EA48BD /* Products */;
					ProjectRef = 637A34321FF467AF00EA48BD /* Pulley.xcodeproj */;
				},
			);
			projectRoot = "";
			targets = (
				6385AF231FE0A435009E8483 /* Foodlog */,
			);
		};
/* End PBXProject section */

/* Begin PBXReferenceProxy section */
		637A34481FF467AF00EA48BD /* Pulley.framework */ = {
			isa = PBXReferenceProxy;
			fileType = wrapper.framework;
			path = Pulley.framework;
			remoteRef = 637A34471FF467AF00EA48BD /* PBXContainerItemProxy */;
			sourceTree = BUILT_PRODUCTS_DIR;
		};
		637A344A1FF467AF00EA48BD /* PulleyDemo.app */ = {
			isa = PBXReferenceProxy;
			fileType = wrapper.application;
			path = PulleyDemo.app;
			remoteRef = 637A34491FF467AF00EA48BD /* PBXContainerItemProxy */;
			sourceTree = BUILT_PRODUCTS_DIR;
		};
		63B696FC1FF73BAE0023E76A /* ExpandableCell.framework */ = {
			isa = PBXReferenceProxy;
			fileType = wrapper.framework;
			path = ExpandableCell.framework;
			remoteRef = 63B696FB1FF73BAE0023E76A /* PBXContainerItemProxy */;
			sourceTree = BUILT_PRODUCTS_DIR;
		};
		63B696FE1FF73BAE0023E76A /* ExpandableCellDemo.app */ = {
			isa = PBXReferenceProxy;
			fileType = wrapper.application;
			path = ExpandableCellDemo.app;
			remoteRef = 63B696FD1FF73BAE0023E76A /* PBXContainerItemProxy */;
			sourceTree = BUILT_PRODUCTS_DIR;
		};
/* End PBXReferenceProxy section */

/* Begin PBXResourcesBuildPhase section */
		6385AF221FE0A435009E8483 /* Resources */ = {
			isa = PBXResourcesBuildPhase;
			buildActionMask = 2147483647;
			files = (
				63B6971A1FF73D060023E76A /* LaunchScreen.storyboard in Resources */,
				63B697191FF73D010023E76A /* Main.storyboard in Resources */,
				6385AF2F1FE0A436009E8483 /* Assets.xcassets in Resources */,
			);
			runOnlyForDeploymentPostprocessing = 0;
		};
/* End PBXResourcesBuildPhase section */

/* Begin PBXSourcesBuildPhase section */
		6385AF201FE0A435009E8483 /* Sources */ = {
			isa = PBXSourcesBuildPhase;
			buildActionMask = 2147483647;
			files = (
				635972381FF479A500D5CC97 /* AddOrSearchViewController.swift in Sources */,
				6385AF281FE0A435009E8483 /* AppDelegate.swift in Sources */,
				6385AF2A1FE0A436009E8483 /* LogViewController.swift in Sources */,
				63D9709C1FE4961700AA0168 /* Models.swift in Sources */,
				633E0C001FF87A4500290B61 /* AddFoodViewController.swift in Sources */,
				63B697061FF73BAE0023E76A /* ExpandableCell.swift in Sources */,
				636E139D2000E19B005C8AD8 /* PulleyDrawerViewController.swift in Sources */,
				63B697071FF73BAE0023E76A /* ExpandableDelegate.swift in Sources */,
				63B697051FF73BAE0023E76A /* ExpandableProcessor.swift in Sources */,
				63B697081FF73BAE0023E76A /* ExpandableStyle.swift in Sources */,
				63B697091FF73BAE0023E76A /* ExpandableTableView.swift in Sources */,
				637A344B1FF467AF00EA48BD /* PulleyViewController.swift in Sources */,
				637A344C1FF467AF00EA48BD /* PulleyPassthroughScrollView.swift in Sources */,
				637A344D1FF467AF00EA48BD /* UIView+constrainToParent.swift in Sources */,
			);
			runOnlyForDeploymentPostprocessing = 0;
		};
/* End PBXSourcesBuildPhase section */

/* Begin PBXVariantGroup section */
		637A343A1FF467AF00EA48BD /* LaunchScreen.storyboard */ = {
			isa = PBXVariantGroup;
			children = (
				637A343B1FF467AF00EA48BD /* Base */,
			);
			name = LaunchScreen.storyboard;
			sourceTree = "<group>";
		};
		6385AF2B1FE0A436009E8483 /* Main.storyboard */ = {
			isa = PBXVariantGroup;
			children = (
				6385AF2C1FE0A436009E8483 /* Base */,
			);
			name = Main.storyboard;
			sourceTree = "<group>";
		};
		6385AF301FE0A436009E8483 /* LaunchScreen.storyboard */ = {
			isa = PBXVariantGroup;
			children = (
				6385AF311FE0A436009E8483 /* Base */,
			);
			name = LaunchScreen.storyboard;
			sourceTree = "<group>";
		};
		63B696F21FF73BAE0023E76A /* LaunchScreen.xib */ = {
			isa = PBXVariantGroup;
			children = (
				63B696F31FF73BAE0023E76A /* Base */,
			);
			name = LaunchScreen.xib;
			sourceTree = "<group>";
		};
		63B696F41FF73BAE0023E76A /* Main.storyboard */ = {
			isa = PBXVariantGroup;
			children = (
				63B696F51FF73BAE0023E76A /* Base */,
			);
			name = Main.storyboard;
			sourceTree = "<group>";
		};
/* End PBXVariantGroup section */

/* Begin XCBuildConfiguration section */
		6385AF341FE0A436009E8483 /* Debug */ = {
			isa = XCBuildConfiguration;
			buildSettings = {
				ALWAYS_SEARCH_USER_PATHS = NO;
				CLANG_ANALYZER_NONNULL = YES;
				CLANG_ANALYZER_NUMBER_OBJECT_CONVERSION = YES_AGGRESSIVE;
				CLANG_CXX_LANGUAGE_STANDARD = "gnu++14";
				CLANG_CXX_LIBRARY = "libc++";
				CLANG_ENABLE_MODULES = YES;
				CLANG_ENABLE_OBJC_ARC = YES;
				CLANG_WARN_BLOCK_CAPTURE_AUTORELEASING = YES;
				CLANG_WARN_BOOL_CONVERSION = YES;
				CLANG_WARN_COMMA = YES;
				CLANG_WARN_CONSTANT_CONVERSION = YES;
				CLANG_WARN_DIRECT_OBJC_ISA_USAGE = YES_ERROR;
				CLANG_WARN_DOCUMENTATION_COMMENTS = YES;
				CLANG_WARN_EMPTY_BODY = YES;
				CLANG_WARN_ENUM_CONVERSION = YES;
				CLANG_WARN_INFINITE_RECURSION = YES;
				CLANG_WARN_INT_CONVERSION = YES;
				CLANG_WARN_NON_LITERAL_NULL_CONVERSION = YES;
				CLANG_WARN_OBJC_LITERAL_CONVERSION = YES;
				CLANG_WARN_OBJC_ROOT_CLASS = YES_ERROR;
				CLANG_WARN_RANGE_LOOP_ANALYSIS = YES;
				CLANG_WARN_STRICT_PROTOTYPES = YES;
				CLANG_WARN_SUSPICIOUS_MOVE = YES;
				CLANG_WARN_UNGUARDED_AVAILABILITY = YES_AGGRESSIVE;
				CLANG_WARN_UNREACHABLE_CODE = YES;
				CLANG_WARN__DUPLICATE_METHOD_MATCH = YES;
				CODE_SIGN_IDENTITY = "iPhone Developer";
				COPY_PHASE_STRIP = NO;
				DEBUG_INFORMATION_FORMAT = dwarf;
				ENABLE_STRICT_OBJC_MSGSEND = YES;
				ENABLE_TESTABILITY = YES;
				GCC_C_LANGUAGE_STANDARD = gnu11;
				GCC_DYNAMIC_NO_PIC = NO;
				GCC_NO_COMMON_BLOCKS = YES;
				GCC_OPTIMIZATION_LEVEL = 0;
				GCC_PREPROCESSOR_DEFINITIONS = (
					"DEBUG=1",
					"$(inherited)",
				);
				GCC_WARN_64_TO_32_BIT_CONVERSION = YES;
				GCC_WARN_ABOUT_RETURN_TYPE = YES_ERROR;
				GCC_WARN_UNDECLARED_SELECTOR = YES;
				GCC_WARN_UNINITIALIZED_AUTOS = YES_AGGRESSIVE;
				GCC_WARN_UNUSED_FUNCTION = YES;
				GCC_WARN_UNUSED_VARIABLE = YES;
				IPHONEOS_DEPLOYMENT_TARGET = 11.2;
				MTL_ENABLE_DEBUG_INFO = YES;
				ONLY_ACTIVE_ARCH = YES;
				SDKROOT = iphoneos;
				SWIFT_ACTIVE_COMPILATION_CONDITIONS = DEBUG;
				SWIFT_OPTIMIZATION_LEVEL = "-Onone";
			};
			name = Debug;
		};
		6385AF351FE0A436009E8483 /* Release */ = {
			isa = XCBuildConfiguration;
			buildSettings = {
				ALWAYS_SEARCH_USER_PATHS = NO;
				CLANG_ANALYZER_NONNULL = YES;
				CLANG_ANALYZER_NUMBER_OBJECT_CONVERSION = YES_AGGRESSIVE;
				CLANG_CXX_LANGUAGE_STANDARD = "gnu++14";
				CLANG_CXX_LIBRARY = "libc++";
				CLANG_ENABLE_MODULES = YES;
				CLANG_ENABLE_OBJC_ARC = YES;
				CLANG_WARN_BLOCK_CAPTURE_AUTORELEASING = YES;
				CLANG_WARN_BOOL_CONVERSION = YES;
				CLANG_WARN_COMMA = YES;
				CLANG_WARN_CONSTANT_CONVERSION = YES;
				CLANG_WARN_DIRECT_OBJC_ISA_USAGE = YES_ERROR;
				CLANG_WARN_DOCUMENTATION_COMMENTS = YES;
				CLANG_WARN_EMPTY_BODY = YES;
				CLANG_WARN_ENUM_CONVERSION = YES;
				CLANG_WARN_INFINITE_RECURSION = YES;
				CLANG_WARN_INT_CONVERSION = YES;
				CLANG_WARN_NON_LITERAL_NULL_CONVERSION = YES;
				CLANG_WARN_OBJC_LITERAL_CONVERSION = YES;
				CLANG_WARN_OBJC_ROOT_CLASS = YES_ERROR;
				CLANG_WARN_RANGE_LOOP_ANALYSIS = YES;
				CLANG_WARN_STRICT_PROTOTYPES = YES;
				CLANG_WARN_SUSPICIOUS_MOVE = YES;
				CLANG_WARN_UNGUARDED_AVAILABILITY = YES_AGGRESSIVE;
				CLANG_WARN_UNREACHABLE_CODE = YES;
				CLANG_WARN__DUPLICATE_METHOD_MATCH = YES;
				CODE_SIGN_IDENTITY = "iPhone Developer";
				COPY_PHASE_STRIP = NO;
				DEBUG_INFORMATION_FORMAT = "dwarf-with-dsym";
				ENABLE_NS_ASSERTIONS = NO;
				ENABLE_STRICT_OBJC_MSGSEND = YES;
				GCC_C_LANGUAGE_STANDARD = gnu11;
				GCC_NO_COMMON_BLOCKS = YES;
				GCC_WARN_64_TO_32_BIT_CONVERSION = YES;
				GCC_WARN_ABOUT_RETURN_TYPE = YES_ERROR;
				GCC_WARN_UNDECLARED_SELECTOR = YES;
				GCC_WARN_UNINITIALIZED_AUTOS = YES_AGGRESSIVE;
				GCC_WARN_UNUSED_FUNCTION = YES;
				GCC_WARN_UNUSED_VARIABLE = YES;
				IPHONEOS_DEPLOYMENT_TARGET = 11.2;
				MTL_ENABLE_DEBUG_INFO = NO;
				SDKROOT = iphoneos;
				SWIFT_OPTIMIZATION_LEVEL = "-Owholemodule";
				VALIDATE_PRODUCT = YES;
			};
			name = Release;
		};
		6385AF371FE0A436009E8483 /* Debug */ = {
			isa = XCBuildConfiguration;
			buildSettings = {
				ASSETCATALOG_COMPILER_APPICON_NAME = AppIcon;
				CODE_SIGN_ENTITLEMENTS = Foodlog/Foodlog.entitlements;
				CODE_SIGN_STYLE = Automatic;
				DEVELOPMENT_TEAM = W6KLMFETUQ;
				FRAMEWORK_SEARCH_PATHS = (
					"$(inherited)",
					"$(PROJECT_DIR)/Carthage/Build/iOS",
				);
				INFOPLIST_FILE = Foodlog/Info.plist;
				LD_RUNPATH_SEARCH_PATHS = "$(inherited) @executable_path/Frameworks";
				PRODUCT_BUNDLE_IDENTIFIER = net.gofake1.Foodlog;
				PRODUCT_NAME = "$(TARGET_NAME)";
				SWIFT_VERSION = 4.0;
				TARGETED_DEVICE_FAMILY = "1,2";
			};
			name = Debug;
		};
		6385AF381FE0A436009E8483 /* Release */ = {
			isa = XCBuildConfiguration;
			buildSettings = {
				ASSETCATALOG_COMPILER_APPICON_NAME = AppIcon;
				CODE_SIGN_ENTITLEMENTS = Foodlog/Foodlog.entitlements;
				CODE_SIGN_STYLE = Automatic;
				DEVELOPMENT_TEAM = W6KLMFETUQ;
				FRAMEWORK_SEARCH_PATHS = (
					"$(inherited)",
					"$(PROJECT_DIR)/Carthage/Build/iOS",
				);
				INFOPLIST_FILE = Foodlog/Info.plist;
				LD_RUNPATH_SEARCH_PATHS = "$(inherited) @executable_path/Frameworks";
				PRODUCT_BUNDLE_IDENTIFIER = net.gofake1.Foodlog;
				PRODUCT_NAME = "$(TARGET_NAME)";
				SWIFT_VERSION = 4.0;
				TARGETED_DEVICE_FAMILY = "1,2";
			};
			name = Release;
		};
/* End XCBuildConfiguration section */

/* Begin XCConfigurationList section */
		6385AF1F1FE0A435009E8483 /* Build configuration list for PBXProject "Foodlog" */ = {
			isa = XCConfigurationList;
			buildConfigurations = (
				6385AF341FE0A436009E8483 /* Debug */,
				6385AF351FE0A436009E8483 /* Release */,
			);
			defaultConfigurationIsVisible = 0;
			defaultConfigurationName = Release;
		};
		6385AF361FE0A436009E8483 /* Build configuration list for PBXNativeTarget "Foodlog" */ = {
			isa = XCConfigurationList;
			buildConfigurations = (
				6385AF371FE0A436009E8483 /* Debug */,
				6385AF381FE0A436009E8483 /* Release */,
			);
			defaultConfigurationIsVisible = 0;
			defaultConfigurationName = Release;
		};
/* End XCConfigurationList section */
	};
	rootObject = 6385AF1C1FE0A435009E8483 /* Project object */;
}
